
Microsoft Visual Studio Solution File, Format Version 12.00
# Visual Studio Version 17
VisualStudioVersion = 17.5.33516.290
MinimumVisualStudioVersion = 10.0.40219.1
Project("{888888A0-9F3D-457C-B088-3A5042F75D52}") = "Pyth", "Pyth\Pyth.pyproj", "{81194DC9-31E1-45A1-8343-4C752A203E99}"
EndProject
Global
	GlobalSection(SolutionConfigurationPlatforms) = preSolution
		Debug|Any CPU = Debug|Any CPU
		Release|Any CPU = Release|Any CPU
	EndGlobalSection
	GlobalSection(ProjectConfigurationPlatforms) = postSolution
		{81194DC9-31E1-45A1-8343-4C752A203E99}.Debug|Any CPU.ActiveCfg = Debug|Any CPU
		{81194DC9-31E1-45A1-8343-4C752A203E99}.Release|Any CPU.ActiveCfg = Release|Any CPU
	EndGlobalSection
	GlobalSection(SolutionProperties) = preSolution
		HideSolutionNode = FALSE
	EndGlobalSection
	GlobalSection(ExtensibilityGlobals) = postSolution
		SolutionGuid = {540D059F-7336-4028-8E3D-59C5787B8069}
	EndGlobalSection
EndGlobal
